
Microsoft Visual Studio Solution File, Format Version 12.00
# Visual Studio 15
VisualStudioVersion = 15.0.28307.572
MinimumVisualStudioVersion = 10.0.40219.1
Project("{FAE04EC0-301F-11D3-BF4B-00C04F79EFBC}") = "GeoApp", "GeoApp\GeoApp.csproj", "{DCA66C21-6197-48EC-BEB5-0BBA537CB78B}"
EndProject
Project("{54435603-DBB4-11D2-8724-00A0C9A8B90C}") = "Setup", "Setup\Setup.vdproj", "{313A7E1A-41DF-460D-9372-C8A57943E9EF}"
EndProject
Global
	GlobalSection(SolutionConfigurationPlatforms) = preSolution
		Debug|Any CPU = Debug|Any CPU
		Release|Any CPU = Release|Any CPU
	EndGlobalSection
	GlobalSection(ProjectConfigurationPlatforms) = postSolution
		{DCA66C21-6197-48EC-BEB5-0BBA537CB78B}.Debug|Any CPU.ActiveCfg = Debug|Any CPU
		{DCA66C21-6197-48EC-BEB5-0BBA537CB78B}.Debug|Any CPU.Build.0 = Debug|Any CPU
		{DCA66C21-6197-48EC-BEB5-0BBA537CB78B}.Release|Any CPU.ActiveCfg = Release|Any CPU
		{DCA66C21-6197-48EC-BEB5-0BBA537CB78B}.Release|Any CPU.Build.0 = Release|Any CPU
		{313A7E1A-41DF-460D-9372-C8A57943E9EF}.Debug|Any CPU.ActiveCfg = Debug
		{313A7E1A-41DF-460D-9372-C8A57943E9EF}.Release|Any CPU.ActiveCfg = Release
	EndGlobalSection
	GlobalSection(SolutionProperties) = preSolution
		HideSolutionNode = FALSE
	EndGlobalSection
	GlobalSection(ExtensibilityGlobals) = postSolution
		SolutionGuid = {41748A7F-6CF1-481A-916B-45553F3733EE}
	EndGlobalSection
EndGlobal
