
Microsoft Visual Studio Solution File, Format Version 12.00
# Visual Studio 15
VisualStudioVersion = 15.0.28307.438
MinimumVisualStudioVersion = 10.0.40219.1
Project("{FAE04EC0-301F-11D3-BF4B-00C04F79EFBC}") = "Geoapp", "Geoapp\Geoapp.csproj", "{2E0BAD37-17D1-4C84-BB76-23BF5E91D8AE}"
EndProject
Global
	GlobalSection(SolutionConfigurationPlatforms) = preSolution
		Debug|Any CPU = Debug|Any CPU
		Release|Any CPU = Release|Any CPU
	EndGlobalSection
	GlobalSection(ProjectConfigurationPlatforms) = postSolution
		{2E0BAD37-17D1-4C84-BB76-23BF5E91D8AE}.Debug|Any CPU.ActiveCfg = Debug|Any CPU
		{2E0BAD37-17D1-4C84-BB76-23BF5E91D8AE}.Debug|Any CPU.Build.0 = Debug|Any CPU
		{2E0BAD37-17D1-4C84-BB76-23BF5E91D8AE}.Release|Any CPU.ActiveCfg = Release|Any CPU
		{2E0BAD37-17D1-4C84-BB76-23BF5E91D8AE}.Release|Any CPU.Build.0 = Release|Any CPU
	EndGlobalSection
	GlobalSection(SolutionProperties) = preSolution
		HideSolutionNode = FALSE
	EndGlobalSection
	GlobalSection(ExtensibilityGlobals) = postSolution
		SolutionGuid = {DF66240B-0C6D-4DED-8E09-FD99C416A1DD}
	EndGlobalSection
EndGlobal
